
Microsoft Visual Studio Solution File, Format Version 12.00
Project("{FAE04EC0-301F-11D3-BF4B-00C04F79EFBC}") = "D09.SampleProject.WeatherApi.Sync.Api", "D09.SampleProject.WeatherApi.Sync.Api\D09.SampleProject.WeatherApi.Sync.Api.csproj", "{F9FB7BDE-D9E8-41FD-BC4B-41F680A49BCE}"
EndProject
Project("{2150E333-8FDC-42A3-9474-1A3956D46DE8}") = "Solution Items", "Solution Items", "{F733AE35-9A88-4E71-BD1E-D32CB2E996BD}"
	ProjectSection(SolutionItems) = preProject
		docker-compose.yml = docker-compose.yml
	EndProjectSection
EndProject
Global
	GlobalSection(SolutionConfigurationPlatforms) = preSolution
		Debug|Any CPU = Debug|Any CPU
		Release|Any CPU = Release|Any CPU
	EndGlobalSection
	GlobalSection(ProjectConfigurationPlatforms) = postSolution
		{F9FB7BDE-D9E8-41FD-BC4B-41F680A49BCE}.Debug|Any CPU.ActiveCfg = Debug|Any CPU
		{F9FB7BDE-D9E8-41FD-BC4B-41F680A49BCE}.Debug|Any CPU.Build.0 = Debug|Any CPU
		{F9FB7BDE-D9E8-41FD-BC4B-41F680A49BCE}.Release|Any CPU.ActiveCfg = Release|Any CPU
		{F9FB7BDE-D9E8-41FD-BC4B-41F680A49BCE}.Release|Any CPU.Build.0 = Release|Any CPU
	EndGlobalSection
EndGlobal
